// !$*UTF8*$!
{
	archiveVersion = 1;
	classes = {
	};
	objectVersion = 46;
	objects = {

/* Begin PBXBuildFile section */
		A84AE61717AF9DB500DD4DAA /* 专题首页展示.png in Resources */ = {isa = PBXBuildFile; fileRef = A84AE61117AF9DB500DD4DAA /* 专题首页展示.png */; };
		A84AE61817AF9DB500DD4DAA /* 更多详情展示.png in Resources */ = {isa = PBXBuildFile; fileRef = A84AE61217AF9DB500DD4DAA /* 更多详情展示.png */; };
		A84AE61917AF9DB500DD4DAA /* 游客评论展示.png in Resources */ = {isa = PBXBuildFile; fileRef = A84AE61317AF9DB500DD4DAA /* 游客评论展示.png */; };
		A84AE61A17AF9DB500DD4DAA /* 门票展示.png in Resources */ = {isa = PBXBuildFile; fileRef = A84AE61417AF9DB500DD4DAA /* 门票展示.png */; };
		A84AE61B17AF9DB500DD4DAA /* 门票详情展示(全）.png in Resources */ = {isa = PBXBuildFile; fileRef = A84AE61517AF9DB500DD4DAA /* 门票详情展示(全）.png */; };
		A84AE61C17AF9DB500DD4DAA /* 门票详情展示.png in Resources */ = {isa = PBXBuildFile; fileRef = A84AE61617AF9DB500DD4DAA /* 门票详情展示.png */; };
		A84AE62017AF9FF700DD4DAA /* SYGPaoViewController.m in Sources */ = {isa = PBXBuildFile; fileRef = A84AE61E17AF9FF700DD4DAA /* SYGPaoViewController.m */; };
		A84AE62117AF9FF700DD4DAA /* SYGPaoViewController.xib in Resources */ = {isa = PBXBuildFile; fileRef = A84AE61F17AF9FF700DD4DAA /* SYGPaoViewController.xib */; };
		A85F1AF217AF98930023528D /* UIKit.framework in Frameworks */ = {isa = PBXBuildFile; fileRef = A85F1AF117AF98930023528D /* UIKit.framework */; };
		A85F1AF417AF98930023528D /* Foundation.framework in Frameworks */ = {isa = PBXBuildFile; fileRef = A85F1AF317AF98930023528D /* Foundation.framework */; };
		A85F1AF617AF98930023528D /* CoreGraphics.framework in Frameworks */ = {isa = PBXBuildFile; fileRef = A85F1AF517AF98930023528D /* CoreGraphics.framework */; };
		A85F1AFC17AF98930023528D /* InfoPlist.strings in Resources */ = {isa = PBXBuildFile; fileRef = A85F1AFA17AF98930023528D /* InfoPlist.strings */; };
		A85F1AFE17AF98930023528D /* main.m in Sources */ = {isa = PBXBuildFile; fileRef = A85F1AFD17AF98930023528D /* main.m */; };
		A85F1B0217AF98930023528D /* SYGAppDelegate.m in Sources */ = {isa = PBXBuildFile; fileRef = A85F1B0117AF98930023528D /* SYGAppDelegate.m */; };
		A85F1B0417AF98930023528D /* Default.png in Resources */ = {isa = PBXBuildFile; fileRef = A85F1B0317AF98930023528D /* Default.png */; };
		A85F1B0617AF98930023528D /* Default@2x.png in Resources */ = {isa = PBXBuildFile; fileRef = A85F1B0517AF98930023528D /* Default@2x.png */; };
		A85F1B0817AF98930023528D /* Default-568h@2x.png in Resources */ = {isa = PBXBuildFile; fileRef = A85F1B0717AF98930023528D /* Default-568h@2x.png */; };
		A85F1B0B17AF98930023528D /* SYGHomeViewController.m in Sources */ = {isa = PBXBuildFile; fileRef = A85F1B0A17AF98930023528D /* SYGHomeViewController.m */; };
		A85F1B0E17AF98930023528D /* SYGHomeViewController.xib in Resources */ = {isa = PBXBuildFile; fileRef = A85F1B0C17AF98930023528D /* SYGHomeViewController.xib */; };
		F938FA41672242B5B808F382 /* libPods.a in Frameworks */ = {isa = PBXBuildFile; fileRef = D635415F2AB641B9AA540F32 /* libPods.a */; };
/* End PBXBuildFile section */

/* Begin PBXFileReference section */
		83033D4B70264B029006872B /* Pods.xcconfig */ = {isa = PBXFileReference; includeInIndex = 1; lastKnownFileType = text.xcconfig; name = Pods.xcconfig; path = Pods/Pods.xcconfig; sourceTree = SOURCE_ROOT; };
		A84AE61117AF9DB500DD4DAA /* 专题首页展示.png */ = {isa = PBXFileReference; lastKnownFileType = image.png; path = "专题首页展示.png"; sourceTree = "<group>"; };
		A84AE61217AF9DB500DD4DAA /* 更多详情展示.png */ = {isa = PBXFileReference; lastKnownFileType = image.png; path = "更多详情展示.png"; sourceTree = "<group>"; };
		A84AE61317AF9DB500DD4DAA /* 游客评论展示.png */ = {isa = PBXFileReference; lastKnownFileType = image.png; path = "游客评论展示.png"; sourceTree = "<group>"; };
		A84AE61417AF9DB500DD4DAA /* 门票展示.png */ = {isa = PBXFileReference; lastKnownFileType = image.png; path = "门票展示.png"; sourceTree = "<group>"; };
		A84AE61517AF9DB500DD4DAA /* 门票详情展示(全）.png */ = {isa = PBXFileReference; lastKnownFileType = image.png; path = "门票详情展示(全）.png"; sourceTree = "<group>"; };
		A84AE61617AF9DB500DD4DAA /* 门票详情展示.png */ = {isa = PBXFileReference; lastKnownFileType = image.png; path = "门票详情展示.png"; sourceTree = "<group>"; };
		A84AE61D17AF9FF700DD4DAA /* SYGPaoViewController.h */ = {isa = PBXFileReference; fileEncoding = 4; lastKnownFileType = sourcecode.c.h; path = SYGPaoViewController.h; sourceTree = "<group>"; };
		A84AE61E17AF9FF700DD4DAA /* SYGPaoViewController.m */ = {isa = PBXFileReference; fileEncoding = 4; lastKnownFileType = sourcecode.c.objc; path = SYGPaoViewController.m; sourceTree = "<group>"; };
		A84AE61F17AF9FF700DD4DAA /* SYGPaoViewController.xib */ = {isa = PBXFileReference; fileEncoding = 4; lastKnownFileType = file.xib; path = SYGPaoViewController.xib; sourceTree = "<group>"; };
		A85F1AEE17AF98930023528D /* LvmamaPad.app */ = {isa = PBXFileReference; explicitFileType = wrapper.application; includeInIndex = 0; path = LvmamaPad.app; sourceTree = BUILT_PRODUCTS_DIR; };
		A85F1AF117AF98930023528D /* UIKit.framework */ = {isa = PBXFileReference; lastKnownFileType = wrapper.framework; name = UIKit.framework; path = System/Library/Frameworks/UIKit.framework; sourceTree = SDKROOT; };
		A85F1AF317AF98930023528D /* Foundation.framework */ = {isa = PBXFileReference; lastKnownFileType = wrapper.framework; name = Foundation.framework; path = System/Library/Frameworks/Foundation.framework; sourceTree = SDKROOT; };
		A85F1AF517AF98930023528D /* CoreGraphics.framework */ = {isa = PBXFileReference; lastKnownFileType = wrapper.framework; name = CoreGraphics.framework; path = System/Library/Frameworks/CoreGraphics.framework; sourceTree = SDKROOT; };
		A85F1AF917AF98930023528D /* LvmamaPad-Info.plist */ = {isa = PBXFileReference; lastKnownFileType = text.plist.xml; path = "LvmamaPad-Info.plist"; sourceTree = "<group>"; };
		A85F1AFB17AF98930023528D /* en */ = {isa = PBXFileReference; lastKnownFileType = text.plist.strings; name = en; path = en.lproj/InfoPlist.strings; sourceTree = "<group>"; };
		A85F1AFD17AF98930023528D /* main.m */ = {isa = PBXFileReference; lastKnownFileType = sourcecode.c.objc; path = main.m; sourceTree = "<group>"; };
		A85F1AFF17AF98930023528D /* LvmamaPad-Prefix.pch */ = {isa = PBXFileReference; lastKnownFileType = sourcecode.c.h; path = "LvmamaPad-Prefix.pch"; sourceTree = "<group>"; };
		A85F1B0017AF98930023528D /* SYGAppDelegate.h */ = {isa = PBXFileReference; lastKnownFileType = sourcecode.c.h; path = SYGAppDelegate.h; sourceTree = "<group>"; };
		A85F1B0117AF98930023528D /* SYGAppDelegate.m */ = {isa = PBXFileReference; lastKnownFileType = sourcecode.c.objc; path = SYGAppDelegate.m; sourceTree = "<group>"; };
		A85F1B0317AF98930023528D /* Default.png */ = {isa = PBXFileReference; lastKnownFileType = image.png; path = Default.png; sourceTree = "<group>"; };
		A85F1B0517AF98930023528D /* Default@2x.png */ = {isa = PBXFileReference; lastKnownFileType = image.png; path = "Default@2x.png"; sourceTree = "<group>"; };
		A85F1B0717AF98930023528D /* Default-568h@2x.png */ = {isa = PBXFileReference; lastKnownFileType = image.png; path = "Default-568h@2x.png"; sourceTree = "<group>"; };
		A85F1B0917AF98930023528D /* SYGHomeViewController.h */ = {isa = PBXFileReference; lastKnownFileType = sourcecode.c.h; path = SYGHomeViewController.h; sourceTree = "<group>"; };
		A85F1B0A17AF98930023528D /* SYGHomeViewController.m */ = {isa = PBXFileReference; lastKnownFileType = sourcecode.c.objc; path = SYGHomeViewController.m; sourceTree = "<group>"; };
		A85F1B0D17AF98930023528D /* en */ = {isa = PBXFileReference; lastKnownFileType = file.xib; name = en; path = en.lproj/SYGHomeViewController.xib; sourceTree = "<group>"; };
		D635415F2AB641B9AA540F32 /* libPods.a */ = {isa = PBXFileReference; explicitFileType = archive.ar; includeInIndex = 0; path = libPods.a; sourceTree = BUILT_PRODUCTS_DIR; };
/* End PBXFileReference section */

/* Begin PBXFrameworksBuildPhase section */
		A85F1AEB17AF98930023528D /* Frameworks */ = {
			isa = PBXFrameworksBuildPhase;
			buildActionMask = 2147483647;
			files = (
				A85F1AF217AF98930023528D /* UIKit.framework in Frameworks */,
				A85F1AF417AF98930023528D /* Foundation.framework in Frameworks */,
				A85F1AF617AF98930023528D /* CoreGraphics.framework in Frameworks */,
				F938FA41672242B5B808F382 /* libPods.a in Frameworks */,
			);
			runOnlyForDeploymentPostprocessing = 0;
		};
/* End PBXFrameworksBuildPhase section */

/* Begin PBXGroup section */
		A84AE61017AF9DB500DD4DAA /* 效果图 */ = {
			isa = PBXGroup;
			children = (
				A84AE61117AF9DB500DD4DAA /* 专题首页展示.png */,
				A84AE61217AF9DB500DD4DAA /* 更多详情展示.png */,
				A84AE61317AF9DB500DD4DAA /* 游客评论展示.png */,
				A84AE61417AF9DB500DD4DAA /* 门票展示.png */,
				A84AE61517AF9DB500DD4DAA /* 门票详情展示(全）.png */,
				A84AE61617AF9DB500DD4DAA /* 门票详情展示.png */,
			);
			path = "效果图";
			sourceTree = "<group>";
		};
		A85F1AE517AF98930023528D = {
			isa = PBXGroup;
			children = (
				A85F1AF717AF98930023528D /* LvmamaPad */,
				A85F1AF017AF98930023528D /* Frameworks */,
				A85F1AEF17AF98930023528D /* Products */,
				83033D4B70264B029006872B /* Pods.xcconfig */,
			);
			sourceTree = "<group>";
		};
		A85F1AEF17AF98930023528D /* Products */ = {
			isa = PBXGroup;
			children = (
				A85F1AEE17AF98930023528D /* LvmamaPad.app */,
			);
			name = Products;
			sourceTree = "<group>";
		};
		A85F1AF017AF98930023528D /* Frameworks */ = {
			isa = PBXGroup;
			children = (
				A85F1AF117AF98930023528D /* UIKit.framework */,
				A85F1AF317AF98930023528D /* Foundation.framework */,
				A85F1AF517AF98930023528D /* CoreGraphics.framework */,
				D635415F2AB641B9AA540F32 /* libPods.a */,
			);
			name = Frameworks;
			sourceTree = "<group>";
		};
		A85F1AF717AF98930023528D /* LvmamaPad */ = {
			isa = PBXGroup;
			children = (
				A84AE61017AF9DB500DD4DAA /* 效果图 */,
				A85F1B0017AF98930023528D /* SYGAppDelegate.h */,
				A85F1B0117AF98930023528D /* SYGAppDelegate.m */,
				A85F1B0917AF98930023528D /* SYGHomeViewController.h */,
				A85F1B0A17AF98930023528D /* SYGHomeViewController.m */,
				A85F1B0C17AF98930023528D /* SYGHomeViewController.xib */,
				A84AE61D17AF9FF700DD4DAA /* SYGPaoViewController.h */,
				A84AE61E17AF9FF700DD4DAA /* SYGPaoViewController.m */,
				A84AE61F17AF9FF700DD4DAA /* SYGPaoViewController.xib */,
				A85F1AF817AF98930023528D /* Supporting Files */,
			);
			path = LvmamaPad;
			sourceTree = "<group>";
		};
		A85F1AF817AF98930023528D /* Supporting Files */ = {
			isa = PBXGroup;
			children = (
				A85F1AF917AF98930023528D /* LvmamaPad-Info.plist */,
				A85F1AFA17AF98930023528D /* InfoPlist.strings */,
				A85F1AFD17AF98930023528D /* main.m */,
				A85F1AFF17AF98930023528D /* LvmamaPad-Prefix.pch */,
				A85F1B0317AF98930023528D /* Default.png */,
				A85F1B0517AF98930023528D /* Default@2x.png */,
				A85F1B0717AF98930023528D /* Default-568h@2x.png */,
			);
			name = "Supporting Files";
			sourceTree = "<group>";
		};
/* End PBXGroup section */

/* Begin PBXNativeTarget section */
		A85F1AED17AF98930023528D /* LvmamaPad */ = {
			isa = PBXNativeTarget;
			buildConfigurationList = A85F1B1117AF98930023528D /* Build configuration list for PBXNativeTarget "LvmamaPad" */;
			buildPhases = (
				A0903B735F0B446B813FFF97 /* Check Pods Manifest.lock */,
				A85F1AEA17AF98930023528D /* Sources */,
				A85F1AEB17AF98930023528D /* Frameworks */,
				A85F1AEC17AF98930023528D /* Resources */,
				87F43CA72B07442196B644BC /* Copy Pods Resources */,
			);
			buildRules = (
			);
			dependencies = (
			);
			name = LvmamaPad;
			productName = LvmamaPad;
			productReference = A85F1AEE17AF98930023528D /* LvmamaPad.app */;
			productType = "com.apple.product-type.application";
		};
/* End PBXNativeTarget section */

/* Begin PBXProject section */
		A85F1AE617AF98930023528D /* Project object */ = {
			isa = PBXProject;
			attributes = {
				CLASSPREFIX = SYG;
				LastUpgradeCheck = 0460;
				ORGANIZATIONNAME = dacaiguoguo;
			};
			buildConfigurationList = A85F1AE917AF98930023528D /* Build configuration list for PBXProject "LvmamaPad" */;
			compatibilityVersion = "Xcode 3.2";
			developmentRegion = English;
			hasScannedForEncodings = 0;
			knownRegions = (
				en,
			);
			mainGroup = A85F1AE517AF98930023528D;
			productRefGroup = A85F1AEF17AF98930023528D /* Products */;
			projectDirPath = "";
			projectRoot = "";
			targets = (
				A85F1AED17AF98930023528D /* LvmamaPad */,
			);
		};
/* End PBXProject section */

/* Begin PBXResourcesBuildPhase section */
		A85F1AEC17AF98930023528D /* Resources */ = {
			isa = PBXResourcesBuildPhase;
			buildActionMask = 2147483647;
			files = (
				A85F1AFC17AF98930023528D /* InfoPlist.strings in Resources */,
				A85F1B0417AF98930023528D /* Default.png in Resources */,
				A85F1B0617AF98930023528D /* Default@2x.png in Resources */,
				A85F1B0817AF98930023528D /* Default-568h@2x.png in Resources */,
				A85F1B0E17AF98930023528D /* SYGHomeViewController.xib in Resources */,
				A84AE61717AF9DB500DD4DAA /* 专题首页展示.png in Resources */,
				A84AE61817AF9DB500DD4DAA /* 更多详情展示.png in Resources */,
				A84AE61917AF9DB500DD4DAA /* 游客评论展示.png in Resources */,
				A84AE61A17AF9DB500DD4DAA /* 门票展示.png in Resources */,
				A84AE61B17AF9DB500DD4DAA /* 门票详情展示(全）.png in Resources */,
				A84AE61C17AF9DB500DD4DAA /* 门票详情展示.png in Resources */,
				A84AE62117AF9FF700DD4DAA /* SYGPaoViewController.xib in Resources */,
			);
			runOnlyForDeploymentPostprocessing = 0;
		};
/* End PBXResourcesBuildPhase section */

/* Begin PBXShellScriptBuildPhase section */
		87F43CA72B07442196B644BC /* Copy Pods Resources */ = {
			isa = PBXShellScriptBuildPhase;
			buildActionMask = 2147483647;
			files = (
			);
			inputPaths = (
			);
			name = "Copy Pods Resources";
			outputPaths = (
			);
			runOnlyForDeploymentPostprocessing = 0;
			shellPath = /bin/sh;
			shellScript = "\"${SRCROOT}/Pods/Pods-resources.sh\"\n";
			showEnvVarsInLog = 0;
		};
		A0903B735F0B446B813FFF97 /* Check Pods Manifest.lock */ = {
			isa = PBXShellScriptBuildPhase;
			buildActionMask = 2147483647;
			files = (
			);
			inputPaths = (
			);
			name = "Check Pods Manifest.lock";
			outputPaths = (
			);
			runOnlyForDeploymentPostprocessing = 0;
			shellPath = /bin/sh;
			shellScript = "diff \"${PODS_ROOT}/../Podfile.lock\" \"${PODS_ROOT}/Manifest.lock\" > /dev/null\nif [[ $? != 0 ]] ; then\n    cat << EOM\nerror: The sandbox is not in sync with the Podfile.lock. Run 'pod install' or update your CocoaPods installation.\nEOM\n    exit 1\nfi\n";
			showEnvVarsInLog = 0;
		};
/* End PBXShellScriptBuildPhase section */

/* Begin PBXSourcesBuildPhase section */
		A85F1AEA17AF98930023528D /* Sources */ = {
			isa = PBXSourcesBuildPhase;
			buildActionMask = 2147483647;
			files = (
				A85F1AFE17AF98930023528D /* main.m in Sources */,
				A85F1B0217AF98930023528D /* SYGAppDelegate.m in Sources */,
				A85F1B0B17AF98930023528D /* SYGHomeViewController.m in Sources */,
				A84AE62017AF9FF700DD4DAA /* SYGPaoViewController.m in Sources */,
			);
			runOnlyForDeploymentPostprocessing = 0;
		};
/* End PBXSourcesBuildPhase section */

/* Begin PBXVariantGroup section */
		A85F1AFA17AF98930023528D /* InfoPlist.strings */ = {
			isa = PBXVariantGroup;
			children = (
				A85F1AFB17AF98930023528D /* en */,
			);
			name = InfoPlist.strings;
			sourceTree = "<group>";
		};
		A85F1B0C17AF98930023528D /* SYGHomeViewController.xib */ = {
			isa = PBXVariantGroup;
			children = (
				A85F1B0D17AF98930023528D /* en */,
			);
			name = SYGHomeViewController.xib;
			sourceTree = "<group>";
		};
/* End PBXVariantGroup section */

/* Begin XCBuildConfiguration section */
		A85F1B0F17AF98930023528D /* Debug */ = {
			isa = XCBuildConfiguration;
			buildSettings = {
				ALWAYS_SEARCH_USER_PATHS = NO;
				CLANG_CXX_LANGUAGE_STANDARD = "gnu++0x";
				CLANG_CXX_LIBRARY = "libc++";
				CLANG_ENABLE_OBJC_ARC = YES;
				CLANG_WARN_CONSTANT_CONVERSION = YES;
				CLANG_WARN_EMPTY_BODY = YES;
				CLANG_WARN_ENUM_CONVERSION = YES;
				CLANG_WARN_INT_CONVERSION = YES;
				CLANG_WARN__DUPLICATE_METHOD_MATCH = YES;
				"CODE_SIGN_IDENTITY[sdk=iphoneos*]" = "iPhone Developer";
				COPY_PHASE_STRIP = NO;
				GCC_C_LANGUAGE_STANDARD = gnu99;
				GCC_DYNAMIC_NO_PIC = NO;
				GCC_OPTIMIZATION_LEVEL = 0;
				GCC_PREPROCESSOR_DEFINITIONS = (
					"DEBUG=1",
					"$(inherited)",
				);
				GCC_SYMBOLS_PRIVATE_EXTERN = NO;
				GCC_WARN_ABOUT_RETURN_TYPE = YES;
				GCC_WARN_UNINITIALIZED_AUTOS = YES;
				GCC_WARN_UNUSED_VARIABLE = YES;
				IPHONEOS_DEPLOYMENT_TARGET = 5.0;
				ONLY_ACTIVE_ARCH = YES;
				SDKROOT = iphoneos;
				TARGETED_DEVICE_FAMILY = 2;
			};
			name = Debug;
		};
		A85F1B1017AF98930023528D /* Release */ = {
			isa = XCBuildConfiguration;
			buildSettings = {
				ALWAYS_SEARCH_USER_PATHS = NO;
				CLANG_CXX_LANGUAGE_STANDARD = "gnu++0x";
				CLANG_CXX_LIBRARY = "libc++";
				CLANG_ENABLE_OBJC_ARC = YES;
				CLANG_WARN_CONSTANT_CONVERSION = YES;
				CLANG_WARN_EMPTY_BODY = YES;
				CLANG_WARN_ENUM_CONVERSION = YES;
				CLANG_WARN_INT_CONVERSION = YES;
				CLANG_WARN__DUPLICATE_METHOD_MATCH = YES;
				"CODE_SIGN_IDENTITY[sdk=iphoneos*]" = "iPhone Developer";
				COPY_PHASE_STRIP = YES;
				GCC_C_LANGUAGE_STANDARD = gnu99;
				GCC_WARN_ABOUT_RETURN_TYPE = YES;
				GCC_WARN_UNINITIALIZED_AUTOS = YES;
				GCC_WARN_UNUSED_VARIABLE = YES;
				IPHONEOS_DEPLOYMENT_TARGET = 5.0;
				OTHER_CFLAGS = "-DNS_BLOCK_ASSERTIONS=1";
				SDKROOT = iphoneos;
				TARGETED_DEVICE_FAMILY = 2;
				VALIDATE_PRODUCT = YES;
			};
			name = Release;
		};
		A85F1B1217AF98930023528D /* Debug */ = {
			isa = XCBuildConfiguration;
			baseConfigurationReference = 83033D4B70264B029006872B /* Pods.xcconfig */;
			buildSettings = {
				GCC_PRECOMPILE_PREFIX_HEADER = YES;
				GCC_PREFIX_HEADER = "LvmamaPad/LvmamaPad-Prefix.pch";
				INFOPLIST_FILE = "LvmamaPad/LvmamaPad-Info.plist";
				IPHONEOS_DEPLOYMENT_TARGET = 5.0;
				PRODUCT_NAME = "$(TARGET_NAME)";
				WRAPPER_EXTENSION = app;
			};
			name = Debug;
		};
		A85F1B1317AF98930023528D /* Release */ = {
			isa = XCBuildConfiguration;
			baseConfigurationReference = 83033D4B70264B029006872B /* Pods.xcconfig */;
			buildSettings = {
				GCC_PRECOMPILE_PREFIX_HEADER = YES;
				GCC_PREFIX_HEADER = "LvmamaPad/LvmamaPad-Prefix.pch";
				INFOPLIST_FILE = "LvmamaPad/LvmamaPad-Info.plist";
				IPHONEOS_DEPLOYMENT_TARGET = 5.0;
				PRODUCT_NAME = "$(TARGET_NAME)";
				WRAPPER_EXTENSION = app;
			};
			name = Release;
		};
/* End XCBuildConfiguration section */

/* Begin XCConfigurationList section */
		A85F1AE917AF98930023528D /* Build configuration list for PBXProject "LvmamaPad" */ = {
			isa = XCConfigurationList;
			buildConfigurations = (
				A85F1B0F17AF98930023528D /* Debug */,
				A85F1B1017AF98930023528D /* Release */,
			);
			defaultConfigurationIsVisible = 0;
			defaultConfigurationName = Release;
		};
		A85F1B1117AF98930023528D /* Build configuration list for PBXNativeTarget "LvmamaPad" */ = {
			isa = XCConfigurationList;
			buildConfigurations = (
				A85F1B1217AF98930023528D /* Debug */,
				A85F1B1317AF98930023528D /* Release */,
			);
			defaultConfigurationIsVisible = 0;
			defaultConfigurationName = Release;
		};
/* End XCConfigurationList section */
	};
	rootObject = A85F1AE617AF98930023528D /* Project object */;
}
